
Microsoft Visual Studio Solution File, Format Version 12.00
# Visual Studio Version 17
VisualStudioVersion = 17.3.32929.385
MinimumVisualStudioVersion = 10.0.40219.1
Project("{FAE04EC0-301F-11D3-BF4B-00C04F79EFBC}") = "WindowsFormsApp50", "WindowsFormsApp50\WindowsFormsApp50.csproj", "{959DC479-818D-40D5-B704-53EFF4139C4B}"
EndProject
Global
	GlobalSection(SolutionConfigurationPlatforms) = preSolution
		Debug|Any CPU = Debug|Any CPU
		Release|Any CPU = Release|Any CPU
	EndGlobalSection
	GlobalSection(ProjectConfigurationPlatforms) = postSolution
		{959DC479-818D-40D5-B704-53EFF4139C4B}.Debug|Any CPU.ActiveCfg = Debug|Any CPU
		{959DC479-818D-40D5-B704-53EFF4139C4B}.Debug|Any CPU.Build.0 = Debug|Any CPU
		{959DC479-818D-40D5-B704-53EFF4139C4B}.Release|Any CPU.ActiveCfg = Release|Any CPU
		{959DC479-818D-40D5-B704-53EFF4139C4B}.Release|Any CPU.Build.0 = Release|Any CPU
	EndGlobalSection
	GlobalSection(SolutionProperties) = preSolution
		HideSolutionNode = FALSE
	EndGlobalSection
	GlobalSection(ExtensibilityGlobals) = postSolution
		SolutionGuid = {49EE3C48-C843-4785-8734-334E308FFF04}
	EndGlobalSection
EndGlobal
